// !$*UTF8*$!
{
	archiveVersion = 1;
	classes = {
	};
	objectVersion = 46;
	objects = {

/* Begin PBXBuildFile section */
		DD4152AD1EE7802600FF30AD /* main.m in Sources */ = {isa = PBXBuildFile; fileRef = DD4152AC1EE7802600FF30AD /* main.m */; };
		DD4152B01EE7802600FF30AD /* AppDelegate.m in Sources */ = {isa = PBXBuildFile; fileRef = DD4152AF1EE7802600FF30AD /* AppDelegate.m */; };
		DD4152B31EE7802600FF30AD /* ViewController.m in Sources */ = {isa = PBXBuildFile; fileRef = DD4152B21EE7802600FF30AD /* ViewController.m */; };
		DD4152B61EE7802600FF30AD /* Main.storyboard in Resources */ = {isa = PBXBuildFile; fileRef = DD4152B41EE7802600FF30AD /* Main.storyboard */; };
		DD4152B81EE7802600FF30AD /* Assets.xcassets in Resources */ = {isa = PBXBuildFile; fileRef = DD4152B71EE7802600FF30AD /* Assets.xcassets */; };
		DD4152BB1EE7802600FF30AD /* LaunchScreen.storyboard in Resources */ = {isa = PBXBuildFile; fileRef = DD4152B91EE7802600FF30AD /* LaunchScreen.storyboard */; };
		DD4152C61EE7802600FF30AD /* ASStatisticsTests.m in Sources */ = {isa = PBXBuildFile; fileRef = DD4152C51EE7802600FF30AD /* ASStatisticsTests.m */; };
		DD4152D11EE7802700FF30AD /* ASStatisticsUITests.m in Sources */ = {isa = PBXBuildFile; fileRef = DD4152D01EE7802700FF30AD /* ASStatisticsUITests.m */; };
		DDC156881EE79AF000C199B9 /* Analysis.plist in Resources */ = {isa = PBXBuildFile; fileRef = DDC1567D1EE79AF000C199B9 /* Analysis.plist */; };
		DDC156891EE79AF000C199B9 /* ASHelper.m in Sources */ = {isa = PBXBuildFile; fileRef = DDC1567F1EE79AF000C199B9 /* ASHelper.m */; };
		DDC1568A1EE79AF000C199B9 /* ASRuntime.m in Sources */ = {isa = PBXBuildFile; fileRef = DDC156811EE79AF000C199B9 /* ASRuntime.m */; };
		DDC1568B1EE79AF000C199B9 /* ASStatistics.m in Sources */ = {isa = PBXBuildFile; fileRef = DDC156831EE79AF000C199B9 /* ASStatistics.m */; };
		DDC1568C1EE79AF000C199B9 /* UIControl+ASCommon.m in Sources */ = {isa = PBXBuildFile; fileRef = DDC156851EE79AF000C199B9 /* UIControl+ASCommon.m */; };
		DDC1568D1EE79AF000C199B9 /* UIViewController+ASCommon.m in Sources */ = {isa = PBXBuildFile; fileRef = DDC156871EE79AF000C199B9 /* UIViewController+ASCommon.m */; };
/* End PBXBuildFile section */

/* Begin PBXContainerItemProxy section */
		DD4152C21EE7802600FF30AD /* PBXContainerItemProxy */ = {
			isa = PBXContainerItemProxy;
			containerPortal = DD4152A01EE7802600FF30AD /* Project object */;
			proxyType = 1;
			remoteGlobalIDString = DD4152A71EE7802600FF30AD;
			remoteInfo = ASStatistics;
		};
		DD4152CD1EE7802700FF30AD /* PBXContainerItemProxy */ = {
			isa = PBXContainerItemProxy;
			containerPortal = DD4152A01EE7802600FF30AD /* Project object */;
			proxyType = 1;
			remoteGlobalIDString = DD4152A71EE7802600FF30AD;
			remoteInfo = ASStatistics;
		};
/* End PBXContainerItemProxy section */

/* Begin PBXFileReference section */
		DD4152A81EE7802600FF30AD /* ASStatistics.app */ = {isa = PBXFileReference; explicitFileType = wrapper.application; includeInIndex = 0; path = ASStatistics.app; sourceTree = BUILT_PRODUCTS_DIR; };
		DD4152AC1EE7802600FF30AD /* main.m */ = {isa = PBXFileReference; lastKnownFileType = sourcecode.c.objc; path = main.m; sourceTree = "<group>"; };
		DD4152AE1EE7802600FF30AD /* AppDelegate.h */ = {isa = PBXFileReference; lastKnownFileType = sourcecode.c.h; path = AppDelegate.h; sourceTree = "<group>"; };
		DD4152AF1EE7802600FF30AD /* AppDelegate.m */ = {isa = PBXFileReference; lastKnownFileType = sourcecode.c.objc; path = AppDelegate.m; sourceTree = "<group>"; };
		DD4152B11EE7802600FF30AD /* ViewController.h */ = {isa = PBXFileReference; lastKnownFileType = sourcecode.c.h; path = ViewController.h; sourceTree = "<group>"; };
		DD4152B21EE7802600FF30AD /* ViewController.m */ = {isa = PBXFileReference; lastKnownFileType = sourcecode.c.objc; path = ViewController.m; sourceTree = "<group>"; };
		DD4152B51EE7802600FF30AD /* Base */ = {isa = PBXFileReference; lastKnownFileType = file.storyboard; name = Base; path = Base.lproj/Main.storyboard; sourceTree = "<group>"; };
		DD4152B71EE7802600FF30AD /* Assets.xcassets */ = {isa = PBXFileReference; lastKnownFileType = folder.assetcatalog; path = Assets.xcassets; sourceTree = "<group>"; };
		DD4152BA1EE7802600FF30AD /* Base */ = {isa = PBXFileReference; lastKnownFileType = file.storyboard; name = Base; path = Base.lproj/LaunchScreen.storyboard; sourceTree = "<group>"; };
		DD4152BC1EE7802600FF30AD /* Info.plist */ = {isa = PBXFileReference; lastKnownFileType = text.plist.xml; path = Info.plist; sourceTree = "<group>"; };
		DD4152C11EE7802600FF30AD /* ASStatisticsTests.xctest */ = {isa = PBXFileReference; explicitFileType = wrapper.cfbundle; includeInIndex = 0; path = ASStatisticsTests.xctest; sourceTree = BUILT_PRODUCTS_DIR; };
		DD4152C51EE7802600FF30AD /* ASStatisticsTests.m */ = {isa = PBXFileReference; lastKnownFileType = sourcecode.c.objc; path = ASStatisticsTests.m; sourceTree = "<group>"; };
		DD4152C71EE7802600FF30AD /* Info.plist */ = {isa = PBXFileReference; lastKnownFileType = text.plist.xml; path = Info.plist; sourceTree = "<group>"; };
		DD4152CC1EE7802700FF30AD /* ASStatisticsUITests.xctest */ = {isa = PBXFileReference; explicitFileType = wrapper.cfbundle; includeInIndex = 0; path = ASStatisticsUITests.xctest; sourceTree = BUILT_PRODUCTS_DIR; };
		DD4152D01EE7802700FF30AD /* ASStatisticsUITests.m */ = {isa = PBXFileReference; lastKnownFileType = sourcecode.c.objc; path = ASStatisticsUITests.m; sourceTree = "<group>"; };
		DD4152D21EE7802700FF30AD /* Info.plist */ = {isa = PBXFileReference; lastKnownFileType = text.plist.xml; path = Info.plist; sourceTree = "<group>"; };
		DDC1567D1EE79AF000C199B9 /* Analysis.plist */ = {isa = PBXFileReference; fileEncoding = 4; lastKnownFileType = text.plist.xml; path = Analysis.plist; sourceTree = "<group>"; };
		DDC1567E1EE79AF000C199B9 /* ASHelper.h */ = {isa = PBXFileReference; fileEncoding = 4; lastKnownFileType = sourcecode.c.h; path = ASHelper.h; sourceTree = "<group>"; };
		DDC1567F1EE79AF000C199B9 /* ASHelper.m */ = {isa = PBXFileReference; fileEncoding = 4; lastKnownFileType = sourcecode.c.objc; path = ASHelper.m; sourceTree = "<group>"; };
		DDC156801EE79AF000C199B9 /* ASRuntime.h */ = {isa = PBXFileReference; fileEncoding = 4; lastKnownFileType = sourcecode.c.h; path = ASRuntime.h; sourceTree = "<group>"; };
		DDC156811EE79AF000C199B9 /* ASRuntime.m */ = {isa = PBXFileReference; fileEncoding = 4; lastKnownFileType = sourcecode.c.objc; path = ASRuntime.m; sourceTree = "<group>"; };
		DDC156821EE79AF000C199B9 /* ASStatistics.h */ = {isa = PBXFileReference; fileEncoding = 4; lastKnownFileType = sourcecode.c.h; path = ASStatistics.h; sourceTree = "<group>"; };
		DDC156831EE79AF000C199B9 /* ASStatistics.m */ = {isa = PBXFileReference; fileEncoding = 4; lastKnownFileType = sourcecode.c.objc; path = ASStatistics.m; sourceTree = "<group>"; };
		DDC156841EE79AF000C199B9 /* UIControl+ASCommon.h */ = {isa = PBXFileReference; fileEncoding = 4; lastKnownFileType = sourcecode.c.h; path = "UIControl+ASCommon.h"; sourceTree = "<group>"; };
		DDC156851EE79AF000C199B9 /* UIControl+ASCommon.m */ = {isa = PBXFileReference; fileEncoding = 4; lastKnownFileType = sourcecode.c.objc; path = "UIControl+ASCommon.m"; sourceTree = "<group>"; };
		DDC156861EE79AF000C199B9 /* UIViewController+ASCommon.h */ = {isa = PBXFileReference; fileEncoding = 4; lastKnownFileType = sourcecode.c.h; path = "UIViewController+ASCommon.h"; sourceTree = "<group>"; };
		DDC156871EE79AF000C199B9 /* UIViewController+ASCommon.m */ = {isa = PBXFileReference; fileEncoding = 4; lastKnownFileType = sourcecode.c.objc; path = "UIViewController+ASCommon.m"; sourceTree = "<group>"; };
/* End PBXFileReference section */

/* Begin PBXFrameworksBuildPhase section */
		DD4152A51EE7802600FF30AD /* Frameworks */ = {
			isa = PBXFrameworksBuildPhase;
			buildActionMask = 2147483647;
			files = (
			);
			runOnlyForDeploymentPostprocessing = 0;
		};
		DD4152BE1EE7802600FF30AD /* Frameworks */ = {
			isa = PBXFrameworksBuildPhase;
			buildActionMask = 2147483647;
			files = (
			);
			runOnlyForDeploymentPostprocessing = 0;
		};
		DD4152C91EE7802700FF30AD /* Frameworks */ = {
			isa = PBXFrameworksBuildPhase;
			buildActionMask = 2147483647;
			files = (
			);
			runOnlyForDeploymentPostprocessing = 0;
		};
/* End PBXFrameworksBuildPhase section */

/* Begin PBXGroup section */
		DD41529F1EE7802600FF30AD = {
			isa = PBXGroup;
			children = (
				DD4152AA1EE7802600FF30AD /* ASStatistics */,
				DD4152C41EE7802600FF30AD /* ASStatisticsTests */,
				DD4152CF1EE7802700FF30AD /* ASStatisticsUITests */,
				DD4152A91EE7802600FF30AD /* Products */,
			);
			sourceTree = "<group>";
		};
		DD4152A91EE7802600FF30AD /* Products */ = {
			isa = PBXGroup;
			children = (
				DD4152A81EE7802600FF30AD /* ASStatistics.app */,
				DD4152C11EE7802600FF30AD /* ASStatisticsTests.xctest */,
				DD4152CC1EE7802700FF30AD /* ASStatisticsUITests.xctest */,
			);
			name = Products;
			sourceTree = "<group>";
		};
		DD4152AA1EE7802600FF30AD /* ASStatistics */ = {
			isa = PBXGroup;
			children = (
				DDC1567C1EE79AF000C199B9 /* Statistics */,
				DD4152AE1EE7802600FF30AD /* AppDelegate.h */,
				DD4152AF1EE7802600FF30AD /* AppDelegate.m */,
				DD4152B11EE7802600FF30AD /* ViewController.h */,
				DD4152B21EE7802600FF30AD /* ViewController.m */,
				DD4152B41EE7802600FF30AD /* Main.storyboard */,
				DD4152B71EE7802600FF30AD /* Assets.xcassets */,
				DD4152B91EE7802600FF30AD /* LaunchScreen.storyboard */,
				DD4152BC1EE7802600FF30AD /* Info.plist */,
				DD4152AB1EE7802600FF30AD /* Supporting Files */,
			);
			path = ASStatistics;
			sourceTree = "<group>";
		};
		DD4152AB1EE7802600FF30AD /* Supporting Files */ = {
			isa = PBXGroup;
			children = (
				DD4152AC1EE7802600FF30AD /* main.m */,
			);
			name = "Supporting Files";
			sourceTree = "<group>";
		};
		DD4152C41EE7802600FF30AD /* ASStatisticsTests */ = {
			isa = PBXGroup;
			children = (
				DD4152C51EE7802600FF30AD /* ASStatisticsTests.m */,
				DD4152C71EE7802600FF30AD /* Info.plist */,
			);
			path = ASStatisticsTests;
			sourceTree = "<group>";
		};
		DD4152CF1EE7802700FF30AD /* ASStatisticsUITests */ = {
			isa = PBXGroup;
			children = (
				DD4152D01EE7802700FF30AD /* ASStatisticsUITests.m */,
				DD4152D21EE7802700FF30AD /* Info.plist */,
			);
			path = ASStatisticsUITests;
			sourceTree = "<group>";
		};
		DDC1567C1EE79AF000C199B9 /* Statistics */ = {
			isa = PBXGroup;
			children = (
				DDC156821EE79AF000C199B9 /* ASStatistics.h */,
				DDC156831EE79AF000C199B9 /* ASStatistics.m */,
				DDC156801EE79AF000C199B9 /* ASRuntime.h */,
				DDC156811EE79AF000C199B9 /* ASRuntime.m */,
				DDC156841EE79AF000C199B9 /* UIControl+ASCommon.h */,
				DDC156851EE79AF000C199B9 /* UIControl+ASCommon.m */,
				DDC156861EE79AF000C199B9 /* UIViewController+ASCommon.h */,
				DDC156871EE79AF000C199B9 /* UIViewController+ASCommon.m */,
				DDC1567E1EE79AF000C199B9 /* ASHelper.h */,
				DDC1567F1EE79AF000C199B9 /* ASHelper.m */,
				DDC1567D1EE79AF000C199B9 /* Analysis.plist */,
			);
			path = Statistics;
			sourceTree = "<group>";
		};
/* End PBXGroup section */

/* Begin PBXNativeTarget section */
		DD4152A71EE7802600FF30AD /* ASStatistics */ = {
			isa = PBXNativeTarget;
			buildConfigurationList = DD4152D51EE7802700FF30AD /* Build configuration list for PBXNativeTarget "ASStatistics" */;
			buildPhases = (
				DD4152A41EE7802600FF30AD /* Sources */,
				DD4152A51EE7802600FF30AD /* Frameworks */,
				DD4152A61EE7802600FF30AD /* Resources */,
			);
			buildRules = (
			);
			dependencies = (
			);
			name = ASStatistics;
			productName = ASStatistics;
			productReference = DD4152A81EE7802600FF30AD /* ASStatistics.app */;
			productType = "com.apple.product-type.application";
		};
		DD4152C01EE7802600FF30AD /* ASStatisticsTests */ = {
			isa = PBXNativeTarget;
			buildConfigurationList = DD4152D81EE7802700FF30AD /* Build configuration list for PBXNativeTarget "ASStatisticsTests" */;
			buildPhases = (
				DD4152BD1EE7802600FF30AD /* Sources */,
				DD4152BE1EE7802600FF30AD /* Frameworks */,
				DD4152BF1EE7802600FF30AD /* Resources */,
			);
			buildRules = (
			);
			dependencies = (
				DD4152C31EE7802600FF30AD /* PBXTargetDependency */,
			);
			name = ASStatisticsTests;
			productName = ASStatisticsTests;
			productReference = DD4152C11EE7802600FF30AD /* ASStatisticsTests.xctest */;
			productType = "com.apple.product-type.bundle.unit-test";
		};
		DD4152CB1EE7802700FF30AD /* ASStatisticsUITests */ = {
			isa = PBXNativeTarget;
			buildConfigurationList = DD4152DB1EE7802700FF30AD /* Build configuration list for PBXNativeTarget "ASStatisticsUITests" */;
			buildPhases = (
				DD4152C81EE7802700FF30AD /* Sources */,
				DD4152C91EE7802700FF30AD /* Frameworks */,
				DD4152CA1EE7802700FF30AD /* Resources */,
			);
			buildRules = (
			);
			dependencies = (
				DD4152CE1EE7802700FF30AD /* PBXTargetDependency */,
			);
			name = ASStatisticsUITests;
			productName = ASStatisticsUITests;
			productReference = DD4152CC1EE7802700FF30AD /* ASStatisticsUITests.xctest */;
			productType = "com.apple.product-type.bundle.ui-testing";
		};
/* End PBXNativeTarget section */

/* Begin PBXProject section */
		DD4152A01EE7802600FF30AD /* Project object */ = {
			isa = PBXProject;
			attributes = {
				LastUpgradeCheck = 0830;
				ORGANIZATIONNAME = ASAN;
				TargetAttributes = {
					DD4152A71EE7802600FF30AD = {
						CreatedOnToolsVersion = 8.3.2;
						ProvisioningStyle = Manual;
					};
					DD4152C01EE7802600FF30AD = {
						CreatedOnToolsVersion = 8.3.2;
						ProvisioningStyle = Automatic;
						TestTargetID = DD4152A71EE7802600FF30AD;
					};
					DD4152CB1EE7802700FF30AD = {
						CreatedOnToolsVersion = 8.3.2;
						ProvisioningStyle = Automatic;
						TestTargetID = DD4152A71EE7802600FF30AD;
					};
				};
			};
			buildConfigurationList = DD4152A31EE7802600FF30AD /* Build configuration list for PBXProject "ASStatistics" */;
			compatibilityVersion = "Xcode 3.2";
			developmentRegion = English;
			hasScannedForEncodings = 0;
			knownRegions = (
				en,
				Base,
			);
			mainGroup = DD41529F1EE7802600FF30AD;
			productRefGroup = DD4152A91EE7802600FF30AD /* Products */;
			projectDirPath = "";
			projectRoot = "";
			targets = (
				DD4152A71EE7802600FF30AD /* ASStatistics */,
				DD4152C01EE7802600FF30AD /* ASStatisticsTests */,
				DD4152CB1EE7802700FF30AD /* ASStatisticsUITests */,
			);
		};
/* End PBXProject section */

/* Begin PBXResourcesBuildPhase section */
		DD4152A61EE7802600FF30AD /* Resources */ = {
			isa = PBXResourcesBuildPhase;
			buildActionMask = 2147483647;
			files = (
				DDC156881EE79AF000C199B9 /* Analysis.plist in Resources */,
				DD4152BB1EE7802600FF30AD /* LaunchScreen.storyboard in Resources */,
				DD4152B81EE7802600FF30AD /* Assets.xcassets in Resources */,
				DD4152B61EE7802600FF30AD /* Main.storyboard in Resources */,
			);
			runOnlyForDeploymentPostprocessing = 0;
		};
		DD4152BF1EE7802600FF30AD /* Resources */ = {
			isa = PBXResourcesBuildPhase;
			buildActionMask = 2147483647;
			files = (
			);
			runOnlyForDeploymentPostprocessing = 0;
		};
		DD4152CA1EE7802700FF30AD /* Resources */ = {
			isa = PBXResourcesBuildPhase;
			buildActionMask = 2147483647;
			files = (
			);
			runOnlyForDeploymentPostprocessing = 0;
		};
/* End PBXResourcesBuildPhase section */

/* Begin PBXSourcesBuildPhase section */
		DD4152A41EE7802600FF30AD /* Sources */ = {
			isa = PBXSourcesBuildPhase;
			buildActionMask = 2147483647;
			files = (
				DD4152B31EE7802600FF30AD /* ViewController.m in Sources */,
				DDC156891EE79AF000C199B9 /* ASHelper.m in Sources */,
				DDC1568B1EE79AF000C199B9 /* ASStatistics.m in Sources */,
				DDC1568D1EE79AF000C199B9 /* UIViewController+ASCommon.m in Sources */,
				DD4152B01EE7802600FF30AD /* AppDelegate.m in Sources */,
				DD4152AD1EE7802600FF30AD /* main.m in Sources */,
				DDC1568C1EE79AF000C199B9 /* UIControl+ASCommon.m in Sources */,
				DDC1568A1EE79AF000C199B9 /* ASRuntime.m in Sources */,
			);
			runOnlyForDeploymentPostprocessing = 0;
		};
		DD4152BD1EE7802600FF30AD /* Sources */ = {
			isa = PBXSourcesBuildPhase;
			buildActionMask = 2147483647;
			files = (
				DD4152C61EE7802600FF30AD /* ASStatisticsTests.m in Sources */,
			);
			runOnlyForDeploymentPostprocessing = 0;
		};
		DD4152C81EE7802700FF30AD /* Sources */ = {
			isa = PBXSourcesBuildPhase;
			buildActionMask = 2147483647;
			files = (
				DD4152D11EE7802700FF30AD /* ASStatisticsUITests.m in Sources */,
			);
			runOnlyForDeploymentPostprocessing = 0;
		};
/* End PBXSourcesBuildPhase section */

/* Begin PBXTargetDependency section */
		DD4152C31EE7802600FF30AD /* PBXTargetDependency */ = {
			isa = PBXTargetDependency;
			target = DD4152A71EE7802600FF30AD /* ASStatistics */;
			targetProxy = DD4152C21EE7802600FF30AD /* PBXContainerItemProxy */;
		};
		DD4152CE1EE7802700FF30AD /* PBXTargetDependency */ = {
			isa = PBXTargetDependency;
			target = DD4152A71EE7802600FF30AD /* ASStatistics */;
			targetProxy = DD4152CD1EE7802700FF30AD /* PBXContainerItemProxy */;
		};
/* End PBXTargetDependency section */

/* Begin PBXVariantGroup section */
		DD4152B41EE7802600FF30AD /* Main.storyboard */ = {
			isa = PBXVariantGroup;
			children = (
				DD4152B51EE7802600FF30AD /* Base */,
			);
			name = Main.storyboard;
			sourceTree = "<group>";
		};
		DD4152B91EE7802600FF30AD /* LaunchScreen.storyboard */ = {
			isa = PBXVariantGroup;
			children = (
				DD4152BA1EE7802600FF30AD /* Base */,
			);
			name = LaunchScreen.storyboard;
			sourceTree = "<group>";
		};
/* End PBXVariantGroup section */

/* Begin XCBuildConfiguration section */
		DD4152D31EE7802700FF30AD /* Debug */ = {
			isa = XCBuildConfiguration;
			buildSettings = {
				ALWAYS_SEARCH_USER_PATHS = NO;
				CLANG_ANALYZER_NONNULL = YES;
				CLANG_ANALYZER_NUMBER_OBJECT_CONVERSION = YES_AGGRESSIVE;
				CLANG_CXX_LANGUAGE_STANDARD = "gnu++0x";
				CLANG_CXX_LIBRARY = "libc++";
				CLANG_ENABLE_MODULES = YES;
				CLANG_ENABLE_OBJC_ARC = YES;
				CLANG_WARN_BOOL_CONVERSION = YES;
				CLANG_WARN_CONSTANT_CONVERSION = YES;
				CLANG_WARN_DIRECT_OBJC_ISA_USAGE = YES_ERROR;
				CLANG_WARN_DOCUMENTATION_COMMENTS = YES;
				CLANG_WARN_EMPTY_BODY = YES;
				CLANG_WARN_ENUM_CONVERSION = YES;
				CLANG_WARN_INFINITE_RECURSION = YES;
				CLANG_WARN_INT_CONVERSION = YES;
				CLANG_WARN_OBJC_ROOT_CLASS = YES_ERROR;
				CLANG_WARN_SUSPICIOUS_MOVE = YES;
				CLANG_WARN_UNREACHABLE_CODE = YES;
				CLANG_WARN__DUPLICATE_METHOD_MATCH = YES;
				"CODE_SIGN_IDENTITY[sdk=iphoneos*]" = "iPhone Developer";
				COPY_PHASE_STRIP = NO;
				DEBUG_INFORMATION_FORMAT = dwarf;
				ENABLE_STRICT_OBJC_MSGSEND = YES;
				ENABLE_TESTABILITY = YES;
				GCC_C_LANGUAGE_STANDARD = gnu99;
				GCC_DYNAMIC_NO_PIC = NO;
				GCC_NO_COMMON_BLOCKS = YES;
				GCC_OPTIMIZATION_LEVEL = 0;
				GCC_PREPROCESSOR_DEFINITIONS = (
					"DEBUG=1",
					"$(inherited)",
				);
				GCC_WARN_64_TO_32_BIT_CONVERSION = YES;
				GCC_WARN_ABOUT_RETURN_TYPE = YES_ERROR;
				GCC_WARN_UNDECLARED_SELECTOR = YES;
				GCC_WARN_UNINITIALIZED_AUTOS = YES_AGGRESSIVE;
				GCC_WARN_UNUSED_FUNCTION = YES;
				GCC_WARN_UNUSED_VARIABLE = YES;
				IPHONEOS_DEPLOYMENT_TARGET = 10.3;
				MTL_ENABLE_DEBUG_INFO = YES;
				ONLY_ACTIVE_ARCH = YES;
				SDKROOT = iphoneos;
				TARGETED_DEVICE_FAMILY = "1,2";
			};
			name = Debug;
		};
		DD4152D41EE7802700FF30AD /* Release */ = {
			isa = XCBuildConfiguration;
			buildSettings = {
				ALWAYS_SEARCH_USER_PATHS = NO;
				CLANG_ANALYZER_NONNULL = YES;
				CLANG_ANALYZER_NUMBER_OBJECT_CONVERSION = YES_AGGRESSIVE;
				CLANG_CXX_LANGUAGE_STANDARD = "gnu++0x";
				CLANG_CXX_LIBRARY = "libc++";
				CLANG_ENABLE_MODULES = YES;
				CLANG_ENABLE_OBJC_ARC = YES;
				CLANG_WARN_BOOL_CONVERSION = YES;
				CLANG_WARN_CONSTANT_CONVERSION = YES;
				CLANG_WARN_DIRECT_OBJC_ISA_USAGE = YES_ERROR;
				CLANG_WARN_DOCUMENTATION_COMMENTS = YES;
				CLANG_WARN_EMPTY_BODY = YES;
				CLANG_WARN_ENUM_CONVERSION = YES;
				CLANG_WARN_INFINITE_RECURSION = YES;
				CLANG_WARN_INT_CONVERSION = YES;
				CLANG_WARN_OBJC_ROOT_CLASS = YES_ERROR;
				CLANG_WARN_SUSPICIOUS_MOVE = YES;
				CLANG_WARN_UNREACHABLE_CODE = YES;
				CLANG_WARN__DUPLICATE_METHOD_MATCH = YES;
				"CODE_SIGN_IDENTITY[sdk=iphoneos*]" = "iPhone Developer";
				COPY_PHASE_STRIP = NO;
				DEBUG_INFORMATION_FORMAT = "dwarf-with-dsym";
				ENABLE_NS_ASSERTIONS = NO;
				ENABLE_STRICT_OBJC_MSGSEND = YES;
				GCC_C_LANGUAGE_STANDARD = gnu99;
				GCC_NO_COMMON_BLOCKS = YES;
				GCC_WARN_64_TO_32_BIT_CONVERSION = YES;
				GCC_WARN_ABOUT_RETURN_TYPE = YES_ERROR;
				GCC_WARN_UNDECLARED_SELECTOR = YES;
				GCC_WARN_UNINITIALIZED_AUTOS = YES_AGGRESSIVE;
				GCC_WARN_UNUSED_FUNCTION = YES;
				GCC_WARN_UNUSED_VARIABLE = YES;
				IPHONEOS_DEPLOYMENT_TARGET = 10.3;
				MTL_ENABLE_DEBUG_INFO = NO;
				SDKROOT = iphoneos;
				TARGETED_DEVICE_FAMILY = "1,2";
				VALIDATE_PRODUCT = YES;
			};
			name = Release;
		};
		DD4152D61EE7802700FF30AD /* Debug */ = {
			isa = XCBuildConfiguration;
			buildSettings = {
				ASSETCATALOG_COMPILER_APPICON_NAME = AppIcon;
				DEVELOPMENT_TEAM = "";
				INFOPLIST_FILE = ASStatistics/Info.plist;
				LD_RUNPATH_SEARCH_PATHS = "$(inherited) @executable_path/Frameworks";
				PRODUCT_BUNDLE_IDENTIFIER = com.devasan.ASStatistics;
				PRODUCT_NAME = "$(TARGET_NAME)";
				PROVISIONING_PROFILE_SPECIFIER = "";
			};
			name = Debug;
		};
		DD4152D71EE7802700FF30AD /* Release */ = {
			isa = XCBuildConfiguration;
			buildSettings = {
				ASSETCATALOG_COMPILER_APPICON_NAME = AppIcon;
				DEVELOPMENT_TEAM = "";
				INFOPLIST_FILE = ASStatistics/Info.plist;
				LD_RUNPATH_SEARCH_PATHS = "$(inherited) @executable_path/Frameworks";
				PRODUCT_BUNDLE_IDENTIFIER = com.devasan.ASStatistics;
				PRODUCT_NAME = "$(TARGET_NAME)";
				PROVISIONING_PROFILE_SPECIFIER = "";
			};
			name = Release;
		};
		DD4152D91EE7802700FF30AD /* Debug */ = {
			isa = XCBuildConfiguration;
			buildSettings = {
				BUNDLE_LOADER = "$(TEST_HOST)";
				INFOPLIST_FILE = ASStatisticsTests/Info.plist;
				LD_RUNPATH_SEARCH_PATHS = "$(inherited) @executable_path/Frameworks @loader_path/Frameworks";
				PRODUCT_BUNDLE_IDENTIFIER = com.devasan.ASStatisticsTests;
				PRODUCT_NAME = "$(TARGET_NAME)";
				TEST_HOST = "$(BUILT_PRODUCTS_DIR)/ASStatistics.app/ASStatistics";
			};
			name = Debug;
		};
		DD4152DA1EE7802700FF30AD /* Release */ = {
			isa = XCBuildConfiguration;
			buildSettings = {
				BUNDLE_LOADER = "$(TEST_HOST)";
				INFOPLIST_FILE = ASStatisticsTests/Info.plist;
				LD_RUNPATH_SEARCH_PATHS = "$(inherited) @executable_path/Frameworks @loader_path/Frameworks";
				PRODUCT_BUNDLE_IDENTIFIER = com.devasan.ASStatisticsTests;
				PRODUCT_NAME = "$(TARGET_NAME)";
				TEST_HOST = "$(BUILT_PRODUCTS_DIR)/ASStatistics.app/ASStatistics";
			};
			name = Release;
		};
		DD4152DC1EE7802700FF30AD /* Debug */ = {
			isa = XCBuildConfiguration;
			buildSettings = {
				INFOPLIST_FILE = ASStatisticsUITests/Info.plist;
				LD_RUNPATH_SEARCH_PATHS = "$(inherited) @executable_path/Frameworks @loader_path/Frameworks";
				PRODUCT_BUNDLE_IDENTIFIER = com.devasan.ASStatisticsUITests;
				PRODUCT_NAME = "$(TARGET_NAME)";
				TEST_TARGET_NAME = ASStatistics;
			};
			name = Debug;
		};
		DD4152DD1EE7802700FF30AD /* Release */ = {
			isa = XCBuildConfiguration;
			buildSettings = {
				INFOPLIST_FILE = ASStatisticsUITests/Info.plist;
				LD_RUNPATH_SEARCH_PATHS = "$(inherited) @executable_path/Frameworks @loader_path/Frameworks";
				PRODUCT_BUNDLE_IDENTIFIER = com.devasan.ASStatisticsUITests;
				PRODUCT_NAME = "$(TARGET_NAME)";
				TEST_TARGET_NAME = ASStatistics;
			};
			name = Release;
		};
/* End XCBuildConfiguration section */

/* Begin XCConfigurationList section */
		DD4152A31EE7802600FF30AD /* Build configuration list for PBXProject "ASStatistics" */ = {
			isa = XCConfigurationList;
			buildConfigurations = (
				DD4152D31EE7802700FF30AD /* Debug */,
				DD4152D41EE7802700FF30AD /* Release */,
			);
			defaultConfigurationIsVisible = 0;
			defaultConfigurationName = Release;
		};
		DD4152D51EE7802700FF30AD /* Build configuration list for PBXNativeTarget "ASStatistics" */ = {
			isa = XCConfigurationList;
			buildConfigurations = (
				DD4152D61EE7802700FF30AD /* Debug */,
				DD4152D71EE7802700FF30AD /* Release */,
			);
			defaultConfigurationIsVisible = 0;
			defaultConfigurationName = Release;
		};
		DD4152D81EE7802700FF30AD /* Build configuration list for PBXNativeTarget "ASStatisticsTests" */ = {
			isa = XCConfigurationList;
			buildConfigurations = (
				DD4152D91EE7802700FF30AD /* Debug */,
				DD4152DA1EE7802700FF30AD /* Release */,
			);
			defaultConfigurationIsVisible = 0;
			defaultConfigurationName = Release;
		};
		DD4152DB1EE7802700FF30AD /* Build configuration list for PBXNativeTarget "ASStatisticsUITests" */ = {
			isa = XCConfigurationList;
			buildConfigurations = (
				DD4152DC1EE7802700FF30AD /* Debug */,
				DD4152DD1EE7802700FF30AD /* Release */,
			);
			defaultConfigurationIsVisible = 0;
			defaultConfigurationName = Release;
		};
/* End XCConfigurationList section */
	};
	rootObject = DD4152A01EE7802600FF30AD /* Project object */;
}
